
Microsoft Visual Studio Solution File, Format Version 12.00
# Visual Studio Version 16
VisualStudioVersion = 16.0.28803.156
MinimumVisualStudioVersion = 10.0.40219.1
Project("{FAE04EC0-301F-11D3-BF4B-00C04F79EFBC}") = "TrackerLibrary", "TrackerLibrary\TrackerLibrary.csproj", "{6FAC2758-406F-44E3-8BBF-3E7D53489329}"
EndProject
Project("{FAE04EC0-301F-11D3-BF4B-00C04F79EFBC}") = "TrackerUI", "TrackerUI\TrackerUI.csproj", "{89DCBDBA-C923-4FB8-8638-62EA5242CC81}"
EndProject
Global
	GlobalSection(SolutionConfigurationPlatforms) = preSolution
		Debug|Any CPU = Debug|Any CPU
		Release|Any CPU = Release|Any CPU
	EndGlobalSection
	GlobalSection(ProjectConfigurationPlatforms) = postSolution
		{6FAC2758-406F-44E3-8BBF-3E7D53489329}.Debug|Any CPU.ActiveCfg = Debug|Any CPU
		{6FAC2758-406F-44E3-8BBF-3E7D53489329}.Debug|Any CPU.Build.0 = Debug|Any CPU
		{6FAC2758-406F-44E3-8BBF-3E7D53489329}.Release|Any CPU.ActiveCfg = Release|Any CPU
		{6FAC2758-406F-44E3-8BBF-3E7D53489329}.Release|Any CPU.Build.0 = Release|Any CPU
		{89DCBDBA-C923-4FB8-8638-62EA5242CC81}.Debug|Any CPU.ActiveCfg = Debug|Any CPU
		{89DCBDBA-C923-4FB8-8638-62EA5242CC81}.Debug|Any CPU.Build.0 = Debug|Any CPU
		{89DCBDBA-C923-4FB8-8638-62EA5242CC81}.Release|Any CPU.ActiveCfg = Release|Any CPU
		{89DCBDBA-C923-4FB8-8638-62EA5242CC81}.Release|Any CPU.Build.0 = Release|Any CPU
	EndGlobalSection
	GlobalSection(SolutionProperties) = preSolution
		HideSolutionNode = FALSE
	EndGlobalSection
	GlobalSection(ExtensibilityGlobals) = postSolution
		SolutionGuid = {6C8B51DF-2584-4BF1-8F82-792535E212FD}
	EndGlobalSection
EndGlobal
